
Microsoft Visual Studio Solution File, Format Version 12.00
# Visual Studio Version 16
VisualStudioVersion = 16.0.30804.86
MinimumVisualStudioVersion = 10.0.40219.1
Project("{FAE04EC0-301F-11D3-BF4B-00C04F79EFBC}") = "Power.SPMEMS.Services", "Power.SPMEMS.Services.csproj", "{D6D6BC3A-D719-44DA-8B6E-03C83E9A4BE9}"
EndProject
Project("{FAE04EC0-301F-11D3-BF4B-00C04F79EFBC}") = "InterConnection", "..\InterConnection\InterConnection\InterConnection.csproj", "{6F38A648-B9BE-45CF-B360-407CB5D6F6C1}"
EndProject
Project("{FAE04EC0-301F-11D3-BF4B-00C04F79EFBC}") = "JJProjCode", "..\JJProjCode\JJProjCode.csproj", "{ED035FE5-74CC-4F90-BADC-8EB1A24BFEB0}"
EndProject
Project("{FAE04EC0-301F-11D3-BF4B-00C04F79EFBC}") = "JJWBSService", "..\JJWBSService\JJWBSService\JJWBSService.csproj", "{21365D07-533F-47FC-943E-2DA246103D72}"
EndProject
Project("{FAE04EC0-301F-11D3-BF4B-00C04F79EFBC}") = "WebApplication2", "C:\Users\Jp\Desktop\WebApplication2\WebApplication2.csproj", "{3984B463-5AB7-4E92-86F5-3A334DF95CCA}"
EndProject
Project("{FAE04EC0-301F-11D3-BF4B-00C04F79EFBC}") = "Power.JJ.APP", "..\Power.JJ.APP\Power.JJ.APP.csproj", "{AB02CEB4-0618-4BB7-915B-2C19D1A81C95}"
EndProject
Global
	GlobalSection(SolutionConfigurationPlatforms) = preSolution
		Debug|Any CPU = Debug|Any CPU
		Release|Any CPU = Release|Any CPU
	EndGlobalSection
	GlobalSection(ProjectConfigurationPlatforms) = postSolution
		{D6D6BC3A-D719-44DA-8B6E-03C83E9A4BE9}.Debug|Any CPU.ActiveCfg = Debug|Any CPU
		{D6D6BC3A-D719-44DA-8B6E-03C83E9A4BE9}.Debug|Any CPU.Build.0 = Debug|Any CPU
		{D6D6BC3A-D719-44DA-8B6E-03C83E9A4BE9}.Release|Any CPU.ActiveCfg = Release|Any CPU
		{D6D6BC3A-D719-44DA-8B6E-03C83E9A4BE9}.Release|Any CPU.Build.0 = Release|Any CPU
		{6F38A648-B9BE-45CF-B360-407CB5D6F6C1}.Debug|Any CPU.ActiveCfg = Debug|Any CPU
		{6F38A648-B9BE-45CF-B360-407CB5D6F6C1}.Debug|Any CPU.Build.0 = Debug|Any CPU
		{6F38A648-B9BE-45CF-B360-407CB5D6F6C1}.Release|Any CPU.ActiveCfg = Release|Any CPU
		{6F38A648-B9BE-45CF-B360-407CB5D6F6C1}.Release|Any CPU.Build.0 = Release|Any CPU
		{ED035FE5-74CC-4F90-BADC-8EB1A24BFEB0}.Debug|Any CPU.ActiveCfg = Debug|Any CPU
		{ED035FE5-74CC-4F90-BADC-8EB1A24BFEB0}.Debug|Any CPU.Build.0 = Debug|Any CPU
		{ED035FE5-74CC-4F90-BADC-8EB1A24BFEB0}.Release|Any CPU.ActiveCfg = Release|Any CPU
		{ED035FE5-74CC-4F90-BADC-8EB1A24BFEB0}.Release|Any CPU.Build.0 = Release|Any CPU
		{21365D07-533F-47FC-943E-2DA246103D72}.Debug|Any CPU.ActiveCfg = Debug|Any CPU
		{21365D07-533F-47FC-943E-2DA246103D72}.Debug|Any CPU.Build.0 = Debug|Any CPU
		{21365D07-533F-47FC-943E-2DA246103D72}.Release|Any CPU.ActiveCfg = Release|Any CPU
		{21365D07-533F-47FC-943E-2DA246103D72}.Release|Any CPU.Build.0 = Release|Any CPU
		{3984B463-5AB7-4E92-86F5-3A334DF95CCA}.Debug|Any CPU.ActiveCfg = Debug|Any CPU
		{3984B463-5AB7-4E92-86F5-3A334DF95CCA}.Debug|Any CPU.Build.0 = Debug|Any CPU
		{3984B463-5AB7-4E92-86F5-3A334DF95CCA}.Release|Any CPU.ActiveCfg = Release|Any CPU
		{3984B463-5AB7-4E92-86F5-3A334DF95CCA}.Release|Any CPU.Build.0 = Release|Any CPU
		{AB02CEB4-0618-4BB7-915B-2C19D1A81C95}.Debug|Any CPU.ActiveCfg = Debug|Any CPU
		{AB02CEB4-0618-4BB7-915B-2C19D1A81C95}.Debug|Any CPU.Build.0 = Debug|Any CPU
		{AB02CEB4-0618-4BB7-915B-2C19D1A81C95}.Release|Any CPU.ActiveCfg = Release|Any CPU
		{AB02CEB4-0618-4BB7-915B-2C19D1A81C95}.Release|Any CPU.Build.0 = Release|Any CPU
	EndGlobalSection
	GlobalSection(SolutionProperties) = preSolution
		HideSolutionNode = FALSE
	EndGlobalSection
	GlobalSection(ExtensibilityGlobals) = postSolution
		SolutionGuid = {79066016-014A-488D-B2A4-66A01EC84B99}
	EndGlobalSection
EndGlobal
